// !$*UTF8*$!
{
	archiveVersion = 1;
	classes = {
	};
	objectVersion = 50;
	objects = {

/* Begin PBXBuildFile section */
		0938B059FF1E0091D143B1C3 /* Pods_ZYF_LingyiModuleBTests.framework in Frameworks */ = {isa = PBXBuildFile; fileRef = 7F1BF1C85EA3CEBCA902A7C4 /* Pods_ZYF_LingyiModuleBTests.framework */; };
		410266FE731F8377C2C31A0F /* Pods_ZYF_LingyiModuleBUITests.framework in Frameworks */ = {isa = PBXBuildFile; fileRef = 3466B28D7CB927778ADB9ADF /* Pods_ZYF_LingyiModuleBUITests.framework */; };
		75C802154F68BB8790C8C542 /* Pods_ZYF_LingyiModuleB.framework in Frameworks */ = {isa = PBXBuildFile; fileRef = 7ADEE052E8A4F7EB651BDDEB /* Pods_ZYF_LingyiModuleB.framework */; };
		C0CB83C922BF12BE00BF17D5 /* AppDelegate.m in Sources */ = {isa = PBXBuildFile; fileRef = C0CB83C822BF12BE00BF17D5 /* AppDelegate.m */; };
		C0CB83CC22BF12BE00BF17D5 /* ViewController.m in Sources */ = {isa = PBXBuildFile; fileRef = C0CB83CB22BF12BE00BF17D5 /* ViewController.m */; };
		C0CB83CF22BF12BE00BF17D5 /* Main.storyboard in Resources */ = {isa = PBXBuildFile; fileRef = C0CB83CD22BF12BE00BF17D5 /* Main.storyboard */; };
		C0CB83D122BF12BF00BF17D5 /* Assets.xcassets in Resources */ = {isa = PBXBuildFile; fileRef = C0CB83D022BF12BF00BF17D5 /* Assets.xcassets */; };
		C0CB83D422BF12BF00BF17D5 /* LaunchScreen.storyboard in Resources */ = {isa = PBXBuildFile; fileRef = C0CB83D222BF12BF00BF17D5 /* LaunchScreen.storyboard */; };
		C0CB83D722BF12BF00BF17D5 /* main.m in Sources */ = {isa = PBXBuildFile; fileRef = C0CB83D622BF12BF00BF17D5 /* main.m */; };
		C0CB83E122BF12BF00BF17D5 /* ZYF_LingyiModuleBTests.m in Sources */ = {isa = PBXBuildFile; fileRef = C0CB83E022BF12BF00BF17D5 /* ZYF_LingyiModuleBTests.m */; };
		C0CB83EC22BF12BF00BF17D5 /* ZYF_LingyiModuleBUITests.m in Sources */ = {isa = PBXBuildFile; fileRef = C0CB83EB22BF12BF00BF17D5 /* ZYF_LingyiModuleBUITests.m */; };
/* End PBXBuildFile section */

/* Begin PBXContainerItemProxy section */
		C0CB83DD22BF12BF00BF17D5 /* PBXContainerItemProxy */ = {
			isa = PBXContainerItemProxy;
			containerPortal = C0CB83BC22BF12BE00BF17D5 /* Project object */;
			proxyType = 1;
			remoteGlobalIDString = C0CB83C322BF12BE00BF17D5;
			remoteInfo = ZYF_LingyiModuleB;
		};
		C0CB83E822BF12BF00BF17D5 /* PBXContainerItemProxy */ = {
			isa = PBXContainerItemProxy;
			containerPortal = C0CB83BC22BF12BE00BF17D5 /* Project object */;
			proxyType = 1;
			remoteGlobalIDString = C0CB83C322BF12BE00BF17D5;
			remoteInfo = ZYF_LingyiModuleB;
		};
/* End PBXContainerItemProxy section */

/* Begin PBXFileReference section */
		2D169435177AB23C57DB0A92 /* Pods-ZYF_LingyiModuleBTests.release.xcconfig */ = {isa = PBXFileReference; includeInIndex = 1; lastKnownFileType = text.xcconfig; name = "Pods-ZYF_LingyiModuleBTests.release.xcconfig"; path = "Target Support Files/Pods-ZYF_LingyiModuleBTests/Pods-ZYF_LingyiModuleBTests.release.xcconfig"; sourceTree = "<group>"; };
		2E8121281609EF7143288731 /* Pods-ZYF_LingyiModuleBUITests.debug.xcconfig */ = {isa = PBXFileReference; includeInIndex = 1; lastKnownFileType = text.xcconfig; name = "Pods-ZYF_LingyiModuleBUITests.debug.xcconfig"; path = "Target Support Files/Pods-ZYF_LingyiModuleBUITests/Pods-ZYF_LingyiModuleBUITests.debug.xcconfig"; sourceTree = "<group>"; };
		3466B28D7CB927778ADB9ADF /* Pods_ZYF_LingyiModuleBUITests.framework */ = {isa = PBXFileReference; explicitFileType = wrapper.framework; includeInIndex = 0; path = Pods_ZYF_LingyiModuleBUITests.framework; sourceTree = BUILT_PRODUCTS_DIR; };
		3C052460D1E7BA82312BFAA9 /* Pods-ZYF_LingyiModuleB.debug.xcconfig */ = {isa = PBXFileReference; includeInIndex = 1; lastKnownFileType = text.xcconfig; name = "Pods-ZYF_LingyiModuleB.debug.xcconfig"; path = "Target Support Files/Pods-ZYF_LingyiModuleB/Pods-ZYF_LingyiModuleB.debug.xcconfig"; sourceTree = "<group>"; };
		738EE0767FF3CE6BBF4CCB8F /* Pods-ZYF_LingyiModuleBTests.debug.xcconfig */ = {isa = PBXFileReference; includeInIndex = 1; lastKnownFileType = text.xcconfig; name = "Pods-ZYF_LingyiModuleBTests.debug.xcconfig"; path = "Target Support Files/Pods-ZYF_LingyiModuleBTests/Pods-ZYF_LingyiModuleBTests.debug.xcconfig"; sourceTree = "<group>"; };
		7ADEE052E8A4F7EB651BDDEB /* Pods_ZYF_LingyiModuleB.framework */ = {isa = PBXFileReference; explicitFileType = wrapper.framework; includeInIndex = 0; path = Pods_ZYF_LingyiModuleB.framework; sourceTree = BUILT_PRODUCTS_DIR; };
		7F1BF1C85EA3CEBCA902A7C4 /* Pods_ZYF_LingyiModuleBTests.framework */ = {isa = PBXFileReference; explicitFileType = wrapper.framework; includeInIndex = 0; path = Pods_ZYF_LingyiModuleBTests.framework; sourceTree = BUILT_PRODUCTS_DIR; };
		C0CB83C422BF12BE00BF17D5 /* ZYF_LingyiModuleB.app */ = {isa = PBXFileReference; explicitFileType = wrapper.application; includeInIndex = 0; path = ZYF_LingyiModuleB.app; sourceTree = BUILT_PRODUCTS_DIR; };
		C0CB83C722BF12BE00BF17D5 /* AppDelegate.h */ = {isa = PBXFileReference; lastKnownFileType = sourcecode.c.h; path = AppDelegate.h; sourceTree = "<group>"; };
		C0CB83C822BF12BE00BF17D5 /* AppDelegate.m */ = {isa = PBXFileReference; lastKnownFileType = sourcecode.c.objc; path = AppDelegate.m; sourceTree = "<group>"; };
		C0CB83CA22BF12BE00BF17D5 /* ViewController.h */ = {isa = PBXFileReference; lastKnownFileType = sourcecode.c.h; path = ViewController.h; sourceTree = "<group>"; };
		C0CB83CB22BF12BE00BF17D5 /* ViewController.m */ = {isa = PBXFileReference; lastKnownFileType = sourcecode.c.objc; path = ViewController.m; sourceTree = "<group>"; };
		C0CB83CE22BF12BE00BF17D5 /* Base */ = {isa = PBXFileReference; lastKnownFileType = file.storyboard; name = Base; path = Base.lproj/Main.storyboard; sourceTree = "<group>"; };
		C0CB83D022BF12BF00BF17D5 /* Assets.xcassets */ = {isa = PBXFileReference; lastKnownFileType = folder.assetcatalog; path = Assets.xcassets; sourceTree = "<group>"; };
		C0CB83D322BF12BF00BF17D5 /* Base */ = {isa = PBXFileReference; lastKnownFileType = file.storyboard; name = Base; path = Base.lproj/LaunchScreen.storyboard; sourceTree = "<group>"; };
		C0CB83D522BF12BF00BF17D5 /* Info.plist */ = {isa = PBXFileReference; lastKnownFileType = text.plist.xml; path = Info.plist; sourceTree = "<group>"; };
		C0CB83D622BF12BF00BF17D5 /* main.m */ = {isa = PBXFileReference; lastKnownFileType = sourcecode.c.objc; path = main.m; sourceTree = "<group>"; };
		C0CB83DC22BF12BF00BF17D5 /* ZYF_LingyiModuleBTests.xctest */ = {isa = PBXFileReference; explicitFileType = wrapper.cfbundle; includeInIndex = 0; path = ZYF_LingyiModuleBTests.xctest; sourceTree = BUILT_PRODUCTS_DIR; };
		C0CB83E022BF12BF00BF17D5 /* ZYF_LingyiModuleBTests.m */ = {isa = PBXFileReference; lastKnownFileType = sourcecode.c.objc; path = ZYF_LingyiModuleBTests.m; sourceTree = "<group>"; };
		C0CB83E222BF12BF00BF17D5 /* Info.plist */ = {isa = PBXFileReference; lastKnownFileType = text.plist.xml; path = Info.plist; sourceTree = "<group>"; };
		C0CB83E722BF12BF00BF17D5 /* ZYF_LingyiModuleBUITests.xctest */ = {isa = PBXFileReference; explicitFileType = wrapper.cfbundle; includeInIndex = 0; path = ZYF_LingyiModuleBUITests.xctest; sourceTree = BUILT_PRODUCTS_DIR; };
		C0CB83EB22BF12BF00BF17D5 /* ZYF_LingyiModuleBUITests.m */ = {isa = PBXFileReference; lastKnownFileType = sourcecode.c.objc; path = ZYF_LingyiModuleBUITests.m; sourceTree = "<group>"; };
		C0CB83ED22BF12BF00BF17D5 /* Info.plist */ = {isa = PBXFileReference; lastKnownFileType = text.plist.xml; path = Info.plist; sourceTree = "<group>"; };
		D2D753693768691E27B64531 /* Pods-ZYF_LingyiModuleB.release.xcconfig */ = {isa = PBXFileReference; includeInIndex = 1; lastKnownFileType = text.xcconfig; name = "Pods-ZYF_LingyiModuleB.release.xcconfig"; path = "Target Support Files/Pods-ZYF_LingyiModuleB/Pods-ZYF_LingyiModuleB.release.xcconfig"; sourceTree = "<group>"; };
		E952B9F9AC962DAEF90DBB47 /* Pods-ZYF_LingyiModuleBUITests.release.xcconfig */ = {isa = PBXFileReference; includeInIndex = 1; lastKnownFileType = text.xcconfig; name = "Pods-ZYF_LingyiModuleBUITests.release.xcconfig"; path = "Target Support Files/Pods-ZYF_LingyiModuleBUITests/Pods-ZYF_LingyiModuleBUITests.release.xcconfig"; sourceTree = "<group>"; };
/* End PBXFileReference section */

/* Begin PBXFrameworksBuildPhase section */
		C0CB83C122BF12BE00BF17D5 /* Frameworks */ = {
			isa = PBXFrameworksBuildPhase;
			buildActionMask = 2147483647;
			files = (
				75C802154F68BB8790C8C542 /* Pods_ZYF_LingyiModuleB.framework in Frameworks */,
			);
			runOnlyForDeploymentPostprocessing = 0;
		};
		C0CB83D922BF12BF00BF17D5 /* Frameworks */ = {
			isa = PBXFrameworksBuildPhase;
			buildActionMask = 2147483647;
			files = (
				0938B059FF1E0091D143B1C3 /* Pods_ZYF_LingyiModuleBTests.framework in Frameworks */,
			);
			runOnlyForDeploymentPostprocessing = 0;
		};
		C0CB83E422BF12BF00BF17D5 /* Frameworks */ = {
			isa = PBXFrameworksBuildPhase;
			buildActionMask = 2147483647;
			files = (
				410266FE731F8377C2C31A0F /* Pods_ZYF_LingyiModuleBUITests.framework in Frameworks */,
			);
			runOnlyForDeploymentPostprocessing = 0;
		};
/* End PBXFrameworksBuildPhase section */

/* Begin PBXGroup section */
		88CBBFAD505B046BBCB20980 /* Frameworks */ = {
			isa = PBXGroup;
			children = (
				7ADEE052E8A4F7EB651BDDEB /* Pods_ZYF_LingyiModuleB.framework */,
				7F1BF1C85EA3CEBCA902A7C4 /* Pods_ZYF_LingyiModuleBTests.framework */,
				3466B28D7CB927778ADB9ADF /* Pods_ZYF_LingyiModuleBUITests.framework */,
			);
			name = Frameworks;
			sourceTree = "<group>";
		};
		B4507FFFFBE263DD45C15F43 /* Pods */ = {
			isa = PBXGroup;
			children = (
				3C052460D1E7BA82312BFAA9 /* Pods-ZYF_LingyiModuleB.debug.xcconfig */,
				D2D753693768691E27B64531 /* Pods-ZYF_LingyiModuleB.release.xcconfig */,
				738EE0767FF3CE6BBF4CCB8F /* Pods-ZYF_LingyiModuleBTests.debug.xcconfig */,
				2D169435177AB23C57DB0A92 /* Pods-ZYF_LingyiModuleBTests.release.xcconfig */,
				2E8121281609EF7143288731 /* Pods-ZYF_LingyiModuleBUITests.debug.xcconfig */,
				E952B9F9AC962DAEF90DBB47 /* Pods-ZYF_LingyiModuleBUITests.release.xcconfig */,
			);
			name = Pods;
			path = Pods;
			sourceTree = "<group>";
		};
		C0CB83BB22BF12BE00BF17D5 = {
			isa = PBXGroup;
			children = (
				C0CB83C622BF12BE00BF17D5 /* ZYF_LingyiModuleB */,
				C0CB83DF22BF12BF00BF17D5 /* ZYF_LingyiModuleBTests */,
				C0CB83EA22BF12BF00BF17D5 /* ZYF_LingyiModuleBUITests */,
				C0CB83C522BF12BE00BF17D5 /* Products */,
				B4507FFFFBE263DD45C15F43 /* Pods */,
				88CBBFAD505B046BBCB20980 /* Frameworks */,
			);
			sourceTree = "<group>";
		};
		C0CB83C522BF12BE00BF17D5 /* Products */ = {
			isa = PBXGroup;
			children = (
				C0CB83C422BF12BE00BF17D5 /* ZYF_LingyiModuleB.app */,
				C0CB83DC22BF12BF00BF17D5 /* ZYF_LingyiModuleBTests.xctest */,
				C0CB83E722BF12BF00BF17D5 /* ZYF_LingyiModuleBUITests.xctest */,
			);
			name = Products;
			sourceTree = "<group>";
		};
		C0CB83C622BF12BE00BF17D5 /* ZYF_LingyiModuleB */ = {
			isa = PBXGroup;
			children = (
				C0CB83C722BF12BE00BF17D5 /* AppDelegate.h */,
				C0CB83C822BF12BE00BF17D5 /* AppDelegate.m */,
				C0CB83CA22BF12BE00BF17D5 /* ViewController.h */,
				C0CB83CB22BF12BE00BF17D5 /* ViewController.m */,
				C0CB83CD22BF12BE00BF17D5 /* Main.storyboard */,
				C0CB83D022BF12BF00BF17D5 /* Assets.xcassets */,
				C0CB83D222BF12BF00BF17D5 /* LaunchScreen.storyboard */,
				C0CB83D522BF12BF00BF17D5 /* Info.plist */,
				C0CB83D622BF12BF00BF17D5 /* main.m */,
			);
			path = ZYF_LingyiModuleB;
			sourceTree = "<group>";
		};
		C0CB83DF22BF12BF00BF17D5 /* ZYF_LingyiModuleBTests */ = {
			isa = PBXGroup;
			children = (
				C0CB83E022BF12BF00BF17D5 /* ZYF_LingyiModuleBTests.m */,
				C0CB83E222BF12BF00BF17D5 /* Info.plist */,
			);
			path = ZYF_LingyiModuleBTests;
			sourceTree = "<group>";
		};
		C0CB83EA22BF12BF00BF17D5 /* ZYF_LingyiModuleBUITests */ = {
			isa = PBXGroup;
			children = (
				C0CB83EB22BF12BF00BF17D5 /* ZYF_LingyiModuleBUITests.m */,
				C0CB83ED22BF12BF00BF17D5 /* Info.plist */,
			);
			path = ZYF_LingyiModuleBUITests;
			sourceTree = "<group>";
		};
/* End PBXGroup section */

/* Begin PBXNativeTarget section */
		C0CB83C322BF12BE00BF17D5 /* ZYF_LingyiModuleB */ = {
			isa = PBXNativeTarget;
			buildConfigurationList = C0CB83F022BF12BF00BF17D5 /* Build configuration list for PBXNativeTarget "ZYF_LingyiModuleB" */;
			buildPhases = (
				5ED650E7965483643BC68E75 /* [CP] Check Pods Manifest.lock */,
				C0CB83C022BF12BE00BF17D5 /* Sources */,
				C0CB83C122BF12BE00BF17D5 /* Frameworks */,
				C0CB83C222BF12BE00BF17D5 /* Resources */,
			);
			buildRules = (
			);
			dependencies = (
			);
			name = ZYF_LingyiModuleB;
			productName = ZYF_LingyiModuleB;
			productReference = C0CB83C422BF12BE00BF17D5 /* ZYF_LingyiModuleB.app */;
			productType = "com.apple.product-type.application";
		};
		C0CB83DB22BF12BF00BF17D5 /* ZYF_LingyiModuleBTests */ = {
			isa = PBXNativeTarget;
			buildConfigurationList = C0CB83F322BF12BF00BF17D5 /* Build configuration list for PBXNativeTarget "ZYF_LingyiModuleBTests" */;
			buildPhases = (
				E12D50C590AB844C8323CABF /* [CP] Check Pods Manifest.lock */,
				C0CB83D822BF12BF00BF17D5 /* Sources */,
				C0CB83D922BF12BF00BF17D5 /* Frameworks */,
				C0CB83DA22BF12BF00BF17D5 /* Resources */,
			);
			buildRules = (
			);
			dependencies = (
				C0CB83DE22BF12BF00BF17D5 /* PBXTargetDependency */,
			);
			name = ZYF_LingyiModuleBTests;
			productName = ZYF_LingyiModuleBTests;
			productReference = C0CB83DC22BF12BF00BF17D5 /* ZYF_LingyiModuleBTests.xctest */;
			productType = "com.apple.product-type.bundle.unit-test";
		};
		C0CB83E622BF12BF00BF17D5 /* ZYF_LingyiModuleBUITests */ = {
			isa = PBXNativeTarget;
			buildConfigurationList = C0CB83F622BF12BF00BF17D5 /* Build configuration list for PBXNativeTarget "ZYF_LingyiModuleBUITests" */;
			buildPhases = (
				0780EC0C5170766D13CB67DE /* [CP] Check Pods Manifest.lock */,
				C0CB83E322BF12BF00BF17D5 /* Sources */,
				C0CB83E422BF12BF00BF17D5 /* Frameworks */,
				C0CB83E522BF12BF00BF17D5 /* Resources */,
			);
			buildRules = (
			);
			dependencies = (
				C0CB83E922BF12BF00BF17D5 /* PBXTargetDependency */,
			);
			name = ZYF_LingyiModuleBUITests;
			productName = ZYF_LingyiModuleBUITests;
			productReference = C0CB83E722BF12BF00BF17D5 /* ZYF_LingyiModuleBUITests.xctest */;
			productType = "com.apple.product-type.bundle.ui-testing";
		};
/* End PBXNativeTarget section */

/* Begin PBXProject section */
		C0CB83BC22BF12BE00BF17D5 /* Project object */ = {
			isa = PBXProject;
			attributes = {
				LastUpgradeCheck = 1010;
				ORGANIZATIONNAME = Mountain;
				TargetAttributes = {
					C0CB83C322BF12BE00BF17D5 = {
						CreatedOnToolsVersion = 10.1;
					};
					C0CB83DB22BF12BF00BF17D5 = {
						CreatedOnToolsVersion = 10.1;
						TestTargetID = C0CB83C322BF12BE00BF17D5;
					};
					C0CB83E622BF12BF00BF17D5 = {
						CreatedOnToolsVersion = 10.1;
						TestTargetID = C0CB83C322BF12BE00BF17D5;
					};
				};
			};
			buildConfigurationList = C0CB83BF22BF12BE00BF17D5 /* Build configuration list for PBXProject "ZYF_LingyiModuleB" */;
			compatibilityVersion = "Xcode 9.3";
			developmentRegion = en;
			hasScannedForEncodings = 0;
			knownRegions = (
				en,
				Base,
			);
			mainGroup = C0CB83BB22BF12BE00BF17D5;
			productRefGroup = C0CB83C522BF12BE00BF17D5 /* Products */;
			projectDirPath = "";
			projectRoot = "";
			targets = (
				C0CB83C322BF12BE00BF17D5 /* ZYF_LingyiModuleB */,
				C0CB83DB22BF12BF00BF17D5 /* ZYF_LingyiModuleBTests */,
				C0CB83E622BF12BF00BF17D5 /* ZYF_LingyiModuleBUITests */,
			);
		};
/* End PBXProject section */

/* Begin PBXResourcesBuildPhase section */
		C0CB83C222BF12BE00BF17D5 /* Resources */ = {
			isa = PBXResourcesBuildPhase;
			buildActionMask = 2147483647;
			files = (
				C0CB83D422BF12BF00BF17D5 /* LaunchScreen.storyboard in Resources */,
				C0CB83D122BF12BF00BF17D5 /* Assets.xcassets in Resources */,
				C0CB83CF22BF12BE00BF17D5 /* Main.storyboard in Resources */,
			);
			runOnlyForDeploymentPostprocessing = 0;
		};
		C0CB83DA22BF12BF00BF17D5 /* Resources */ = {
			isa = PBXResourcesBuildPhase;
			buildActionMask = 2147483647;
			files = (
			);
			runOnlyForDeploymentPostprocessing = 0;
		};
		C0CB83E522BF12BF00BF17D5 /* Resources */ = {
			isa = PBXResourcesBuildPhase;
			buildActionMask = 2147483647;
			files = (
			);
			runOnlyForDeploymentPostprocessing = 0;
		};
/* End PBXResourcesBuildPhase section */

/* Begin PBXShellScriptBuildPhase section */
		0780EC0C5170766D13CB67DE /* [CP] Check Pods Manifest.lock */ = {
			isa = PBXShellScriptBuildPhase;
			buildActionMask = 2147483647;
			files = (
			);
			inputFileListPaths = (
			);
			inputPaths = (
				"${PODS_PODFILE_DIR_PATH}/Podfile.lock",
				"${PODS_ROOT}/Manifest.lock",
			);
			name = "[CP] Check Pods Manifest.lock";
			outputFileListPaths = (
			);
			outputPaths = (
				"$(DERIVED_FILE_DIR)/Pods-ZYF_LingyiModuleBUITests-checkManifestLockResult.txt",
			);
			runOnlyForDeploymentPostprocessing = 0;
			shellPath = /bin/sh;
			shellScript = "diff \"${PODS_PODFILE_DIR_PATH}/Podfile.lock\" \"${PODS_ROOT}/Manifest.lock\" > /dev/null\nif [ $? != 0 ] ; then\n    # print error to STDERR\n    echo \"error: The sandbox is not in sync with the Podfile.lock. Run 'pod install' or update your CocoaPods installation.\" >&2\n    exit 1\nfi\n# This output is used by Xcode 'outputs' to avoid re-running this script phase.\necho \"SUCCESS\" > \"${SCRIPT_OUTPUT_FILE_0}\"\n";
			showEnvVarsInLog = 0;
		};
		5ED650E7965483643BC68E75 /* [CP] Check Pods Manifest.lock */ = {
			isa = PBXShellScriptBuildPhase;
			buildActionMask = 2147483647;
			files = (
			);
			inputFileListPaths = (
			);
			inputPaths = (
				"${PODS_PODFILE_DIR_PATH}/Podfile.lock",
				"${PODS_ROOT}/Manifest.lock",
			);
			name = "[CP] Check Pods Manifest.lock";
			outputFileListPaths = (
			);
			outputPaths = (
				"$(DERIVED_FILE_DIR)/Pods-ZYF_LingyiModuleB-checkManifestLockResult.txt",
			);
			runOnlyForDeploymentPostprocessing = 0;
			shellPath = /bin/sh;
			shellScript = "diff \"${PODS_PODFILE_DIR_PATH}/Podfile.lock\" \"${PODS_ROOT}/Manifest.lock\" > /dev/null\nif [ $? != 0 ] ; then\n    # print error to STDERR\n    echo \"error: The sandbox is not in sync with the Podfile.lock. Run 'pod install' or update your CocoaPods installation.\" >&2\n    exit 1\nfi\n# This output is used by Xcode 'outputs' to avoid re-running this script phase.\necho \"SUCCESS\" > \"${SCRIPT_OUTPUT_FILE_0}\"\n";
			showEnvVarsInLog = 0;
		};
		E12D50C590AB844C8323CABF /* [CP] Check Pods Manifest.lock */ = {
			isa = PBXShellScriptBuildPhase;
			buildActionMask = 2147483647;
			files = (
			);
			inputFileListPaths = (
			);
			inputPaths = (
				"${PODS_PODFILE_DIR_PATH}/Podfile.lock",
				"${PODS_ROOT}/Manifest.lock",
			);
			name = "[CP] Check Pods Manifest.lock";
			outputFileListPaths = (
			);
			outputPaths = (
				"$(DERIVED_FILE_DIR)/Pods-ZYF_LingyiModuleBTests-checkManifestLockResult.txt",
			);
			runOnlyForDeploymentPostprocessing = 0;
			shellPath = /bin/sh;
			shellScript = "diff \"${PODS_PODFILE_DIR_PATH}/Podfile.lock\" \"${PODS_ROOT}/Manifest.lock\" > /dev/null\nif [ $? != 0 ] ; then\n    # print error to STDERR\n    echo \"error: The sandbox is not in sync with the Podfile.lock. Run 'pod install' or update your CocoaPods installation.\" >&2\n    exit 1\nfi\n# This output is used by Xcode 'outputs' to avoid re-running this script phase.\necho \"SUCCESS\" > \"${SCRIPT_OUTPUT_FILE_0}\"\n";
			showEnvVarsInLog = 0;
		};
/* End PBXShellScriptBuildPhase section */

/* Begin PBXSourcesBuildPhase section */
		C0CB83C022BF12BE00BF17D5 /* Sources */ = {
			isa = PBXSourcesBuildPhase;
			buildActionMask = 2147483647;
			files = (
				C0CB83CC22BF12BE00BF17D5 /* ViewController.m in Sources */,
				C0CB83D722BF12BF00BF17D5 /* main.m in Sources */,
				C0CB83C922BF12BE00BF17D5 /* AppDelegate.m in Sources */,
			);
			runOnlyForDeploymentPostprocessing = 0;
		};
		C0CB83D822BF12BF00BF17D5 /* Sources */ = {
			isa = PBXSourcesBuildPhase;
			buildActionMask = 2147483647;
			files = (
				C0CB83E122BF12BF00BF17D5 /* ZYF_LingyiModuleBTests.m in Sources */,
			);
			runOnlyForDeploymentPostprocessing = 0;
		};
		C0CB83E322BF12BF00BF17D5 /* Sources */ = {
			isa = PBXSourcesBuildPhase;
			buildActionMask = 2147483647;
			files = (
				C0CB83EC22BF12BF00BF17D5 /* ZYF_LingyiModuleBUITests.m in Sources */,
			);
			runOnlyForDeploymentPostprocessing = 0;
		};
/* End PBXSourcesBuildPhase section */

/* Begin PBXTargetDependency section */
		C0CB83DE22BF12BF00BF17D5 /* PBXTargetDependency */ = {
			isa = PBXTargetDependency;
			target = C0CB83C322BF12BE00BF17D5 /* ZYF_LingyiModuleB */;
			targetProxy = C0CB83DD22BF12BF00BF17D5 /* PBXContainerItemProxy */;
		};
		C0CB83E922BF12BF00BF17D5 /* PBXTargetDependency */ = {
			isa = PBXTargetDependency;
			target = C0CB83C322BF12BE00BF17D5 /* ZYF_LingyiModuleB */;
			targetProxy = C0CB83E822BF12BF00BF17D5 /* PBXContainerItemProxy */;
		};
/* End PBXTargetDependency section */

/* Begin PBXVariantGroup section */
		C0CB83CD22BF12BE00BF17D5 /* Main.storyboard */ = {
			isa = PBXVariantGroup;
			children = (
				C0CB83CE22BF12BE00BF17D5 /* Base */,
			);
			name = Main.storyboard;
			sourceTree = "<group>";
		};
		C0CB83D222BF12BF00BF17D5 /* LaunchScreen.storyboard */ = {
			isa = PBXVariantGroup;
			children = (
				C0CB83D322BF12BF00BF17D5 /* Base */,
			);
			name = LaunchScreen.storyboard;
			sourceTree = "<group>";
		};
/* End PBXVariantGroup section */

/* Begin XCBuildConfiguration section */
		C0CB83EE22BF12BF00BF17D5 /* Debug */ = {
			isa = XCBuildConfiguration;
			buildSettings = {
				ALWAYS_SEARCH_USER_PATHS = NO;
				CLANG_ANALYZER_NONNULL = YES;
				CLANG_ANALYZER_NUMBER_OBJECT_CONVERSION = YES_AGGRESSIVE;
				CLANG_CXX_LANGUAGE_STANDARD = "gnu++14";
				CLANG_CXX_LIBRARY = "libc++";
				CLANG_ENABLE_MODULES = YES;
				CLANG_ENABLE_OBJC_ARC = YES;
				CLANG_ENABLE_OBJC_WEAK = YES;
				CLANG_WARN_BLOCK_CAPTURE_AUTORELEASING = YES;
				CLANG_WARN_BOOL_CONVERSION = YES;
				CLANG_WARN_COMMA = YES;
				CLANG_WARN_CONSTANT_CONVERSION = YES;
				CLANG_WARN_DEPRECATED_OBJC_IMPLEMENTATIONS = YES;
				CLANG_WARN_DIRECT_OBJC_ISA_USAGE = YES_ERROR;
				CLANG_WARN_DOCUMENTATION_COMMENTS = YES;
				CLANG_WARN_EMPTY_BODY = YES;
				CLANG_WARN_ENUM_CONVERSION = YES;
				CLANG_WARN_INFINITE_RECURSION = YES;
				CLANG_WARN_INT_CONVERSION = YES;
				CLANG_WARN_NON_LITERAL_NULL_CONVERSION = YES;
				CLANG_WARN_OBJC_IMPLICIT_RETAIN_SELF = YES;
				CLANG_WARN_OBJC_LITERAL_CONVERSION = YES;
				CLANG_WARN_OBJC_ROOT_CLASS = YES_ERROR;
				CLANG_WARN_RANGE_LOOP_ANALYSIS = YES;
				CLANG_WARN_STRICT_PROTOTYPES = YES;
				CLANG_WARN_SUSPICIOUS_MOVE = YES;
				CLANG_WARN_UNGUARDED_AVAILABILITY = YES_AGGRESSIVE;
				CLANG_WARN_UNREACHABLE_CODE = YES;
				CLANG_WARN__DUPLICATE_METHOD_MATCH = YES;
				CODE_SIGN_IDENTITY = "iPhone Developer";
				COPY_PHASE_STRIP = NO;
				DEBUG_INFORMATION_FORMAT = dwarf;
				ENABLE_STRICT_OBJC_MSGSEND = YES;
				ENABLE_TESTABILITY = YES;
				GCC_C_LANGUAGE_STANDARD = gnu11;
				GCC_DYNAMIC_NO_PIC = NO;
				GCC_NO_COMMON_BLOCKS = YES;
				GCC_OPTIMIZATION_LEVEL = 0;
				GCC_PREPROCESSOR_DEFINITIONS = (
					"DEBUG=1",
					"$(inherited)",
				);
				GCC_WARN_64_TO_32_BIT_CONVERSION = YES;
				GCC_WARN_ABOUT_RETURN_TYPE = YES_ERROR;
				GCC_WARN_UNDECLARED_SELECTOR = YES;
				GCC_WARN_UNINITIALIZED_AUTOS = YES_AGGRESSIVE;
				GCC_WARN_UNUSED_FUNCTION = YES;
				GCC_WARN_UNUSED_VARIABLE = YES;
				IPHONEOS_DEPLOYMENT_TARGET = 12.1;
				MTL_ENABLE_DEBUG_INFO = INCLUDE_SOURCE;
				MTL_FAST_MATH = YES;
				ONLY_ACTIVE_ARCH = YES;
				SDKROOT = iphoneos;
			};
			name = Debug;
		};
		C0CB83EF22BF12BF00BF17D5 /* Release */ = {
			isa = XCBuildConfiguration;
			buildSettings = {
				ALWAYS_SEARCH_USER_PATHS = NO;
				CLANG_ANALYZER_NONNULL = YES;
				CLANG_ANALYZER_NUMBER_OBJECT_CONVERSION = YES_AGGRESSIVE;
				CLANG_CXX_LANGUAGE_STANDARD = "gnu++14";
				CLANG_CXX_LIBRARY = "libc++";
				CLANG_ENABLE_MODULES = YES;
				CLANG_ENABLE_OBJC_ARC = YES;
				CLANG_ENABLE_OBJC_WEAK = YES;
				CLANG_WARN_BLOCK_CAPTURE_AUTORELEASING = YES;
				CLANG_WARN_BOOL_CONVERSION = YES;
				CLANG_WARN_COMMA = YES;
				CLANG_WARN_CONSTANT_CONVERSION = YES;
				CLANG_WARN_DEPRECATED_OBJC_IMPLEMENTATIONS = YES;
				CLANG_WARN_DIRECT_OBJC_ISA_USAGE = YES_ERROR;
				CLANG_WARN_DOCUMENTATION_COMMENTS = YES;
				CLANG_WARN_EMPTY_BODY = YES;
				CLANG_WARN_ENUM_CONVERSION = YES;
				CLANG_WARN_INFINITE_RECURSION = YES;
				CLANG_WARN_INT_CONVERSION = YES;
				CLANG_WARN_NON_LITERAL_NULL_CONVERSION = YES;
				CLANG_WARN_OBJC_IMPLICIT_RETAIN_SELF = YES;
				CLANG_WARN_OBJC_LITERAL_CONVERSION = YES;
				CLANG_WARN_OBJC_ROOT_CLASS = YES_ERROR;
				CLANG_WARN_RANGE_LOOP_ANALYSIS = YES;
				CLANG_WARN_STRICT_PROTOTYPES = YES;
				CLANG_WARN_SUSPICIOUS_MOVE = YES;
				CLANG_WARN_UNGUARDED_AVAILABILITY = YES_AGGRESSIVE;
				CLANG_WARN_UNREACHABLE_CODE = YES;
				CLANG_WARN__DUPLICATE_METHOD_MATCH = YES;
				CODE_SIGN_IDENTITY = "iPhone Developer";
				COPY_PHASE_STRIP = NO;
				DEBUG_INFORMATION_FORMAT = "dwarf-with-dsym";
				ENABLE_NS_ASSERTIONS = NO;
				ENABLE_STRICT_OBJC_MSGSEND = YES;
				GCC_C_LANGUAGE_STANDARD = gnu11;
				GCC_NO_COMMON_BLOCKS = YES;
				GCC_WARN_64_TO_32_BIT_CONVERSION = YES;
				GCC_WARN_ABOUT_RETURN_TYPE = YES_ERROR;
				GCC_WARN_UNDECLARED_SELECTOR = YES;
				GCC_WARN_UNINITIALIZED_AUTOS = YES_AGGRESSIVE;
				GCC_WARN_UNUSED_FUNCTION = YES;
				GCC_WARN_UNUSED_VARIABLE = YES;
				IPHONEOS_DEPLOYMENT_TARGET = 12.1;
				MTL_ENABLE_DEBUG_INFO = NO;
				MTL_FAST_MATH = YES;
				SDKROOT = iphoneos;
				VALIDATE_PRODUCT = YES;
			};
			name = Release;
		};
		C0CB83F122BF12BF00BF17D5 /* Debug */ = {
			isa = XCBuildConfiguration;
			baseConfigurationReference = 3C052460D1E7BA82312BFAA9 /* Pods-ZYF_LingyiModuleB.debug.xcconfig */;
			buildSettings = {
				ASSETCATALOG_COMPILER_APPICON_NAME = AppIcon;
				CODE_SIGN_STYLE = Automatic;
				DEVELOPMENT_TEAM = 8M7YTX542K;
				INFOPLIST_FILE = ZYF_LingyiModuleB/Info.plist;
				LD_RUNPATH_SEARCH_PATHS = (
					"$(inherited)",
					"@executable_path/Frameworks",
				);
				PRODUCT_BUNDLE_IDENTIFIER = "cc.ZYF-LingyiModuleB";
				PRODUCT_NAME = "$(TARGET_NAME)";
				TARGETED_DEVICE_FAMILY = "1,2";
			};
			name = Debug;
		};
		C0CB83F222BF12BF00BF17D5 /* Release */ = {
			isa = XCBuildConfiguration;
			baseConfigurationReference = D2D753693768691E27B64531 /* Pods-ZYF_LingyiModuleB.release.xcconfig */;
			buildSettings = {
				ASSETCATALOG_COMPILER_APPICON_NAME = AppIcon;
				CODE_SIGN_STYLE = Automatic;
				DEVELOPMENT_TEAM = 8M7YTX542K;
				INFOPLIST_FILE = ZYF_LingyiModuleB/Info.plist;
				LD_RUNPATH_SEARCH_PATHS = (
					"$(inherited)",
					"@executable_path/Frameworks",
				);
				PRODUCT_BUNDLE_IDENTIFIER = "cc.ZYF-LingyiModuleB";
				PRODUCT_NAME = "$(TARGET_NAME)";
				TARGETED_DEVICE_FAMILY = "1,2";
			};
			name = Release;
		};
		C0CB83F422BF12BF00BF17D5 /* Debug */ = {
			isa = XCBuildConfiguration;
			baseConfigurationReference = 738EE0767FF3CE6BBF4CCB8F /* Pods-ZYF_LingyiModuleBTests.debug.xcconfig */;
			buildSettings = {
				BUNDLE_LOADER = "$(TEST_HOST)";
				CODE_SIGN_STYLE = Automatic;
				DEVELOPMENT_TEAM = 8M7YTX542K;
				INFOPLIST_FILE = ZYF_LingyiModuleBTests/Info.plist;
				LD_RUNPATH_SEARCH_PATHS = (
					"$(inherited)",
					"@executable_path/Frameworks",
					"@loader_path/Frameworks",
				);
				PRODUCT_BUNDLE_IDENTIFIER = "cc.ZYF-LingyiModuleBTests";
				PRODUCT_NAME = "$(TARGET_NAME)";
				TARGETED_DEVICE_FAMILY = "1,2";
				TEST_HOST = "$(BUILT_PRODUCTS_DIR)/ZYF_LingyiModuleB.app/ZYF_LingyiModuleB";
			};
			name = Debug;
		};
		C0CB83F522BF12BF00BF17D5 /* Release */ = {
			isa = XCBuildConfiguration;
			baseConfigurationReference = 2D169435177AB23C57DB0A92 /* Pods-ZYF_LingyiModuleBTests.release.xcconfig */;
			buildSettings = {
				BUNDLE_LOADER = "$(TEST_HOST)";
				CODE_SIGN_STYLE = Automatic;
				DEVELOPMENT_TEAM = 8M7YTX542K;
				INFOPLIST_FILE = ZYF_LingyiModuleBTests/Info.plist;
				LD_RUNPATH_SEARCH_PATHS = (
					"$(inherited)",
					"@executable_path/Frameworks",
					"@loader_path/Frameworks",
				);
				PRODUCT_BUNDLE_IDENTIFIER = "cc.ZYF-LingyiModuleBTests";
				PRODUCT_NAME = "$(TARGET_NAME)";
				TARGETED_DEVICE_FAMILY = "1,2";
				TEST_HOST = "$(BUILT_PRODUCTS_DIR)/ZYF_LingyiModuleB.app/ZYF_LingyiModuleB";
			};
			name = Release;
		};
		C0CB83F722BF12BF00BF17D5 /* Debug */ = {
			isa = XCBuildConfiguration;
			baseConfigurationReference = 2E8121281609EF7143288731 /* Pods-ZYF_LingyiModuleBUITests.debug.xcconfig */;
			buildSettings = {
				CODE_SIGN_STYLE = Automatic;
				DEVELOPMENT_TEAM = 8M7YTX542K;
				INFOPLIST_FILE = ZYF_LingyiModuleBUITests/Info.plist;
				LD_RUNPATH_SEARCH_PATHS = (
					"$(inherited)",
					"@executable_path/Frameworks",
					"@loader_path/Frameworks",
				);
				PRODUCT_BUNDLE_IDENTIFIER = "cc.ZYF-LingyiModuleBUITests";
				PRODUCT_NAME = "$(TARGET_NAME)";
				TARGETED_DEVICE_FAMILY = "1,2";
				TEST_TARGET_NAME = ZYF_LingyiModuleB;
			};
			name = Debug;
		};
		C0CB83F822BF12BF00BF17D5 /* Release */ = {
			isa = XCBuildConfiguration;
			baseConfigurationReference = E952B9F9AC962DAEF90DBB47 /* Pods-ZYF_LingyiModuleBUITests.release.xcconfig */;
			buildSettings = {
				CODE_SIGN_STYLE = Automatic;
				DEVELOPMENT_TEAM = 8M7YTX542K;
				INFOPLIST_FILE = ZYF_LingyiModuleBUITests/Info.plist;
				LD_RUNPATH_SEARCH_PATHS = (
					"$(inherited)",
					"@executable_path/Frameworks",
					"@loader_path/Frameworks",
				);
				PRODUCT_BUNDLE_IDENTIFIER = "cc.ZYF-LingyiModuleBUITests";
				PRODUCT_NAME = "$(TARGET_NAME)";
				TARGETED_DEVICE_FAMILY = "1,2";
				TEST_TARGET_NAME = ZYF_LingyiModuleB;
			};
			name = Release;
		};
/* End XCBuildConfiguration section */

/* Begin XCConfigurationList section */
		C0CB83BF22BF12BE00BF17D5 /* Build configuration list for PBXProject "ZYF_LingyiModuleB" */ = {
			isa = XCConfigurationList;
			buildConfigurations = (
				C0CB83EE22BF12BF00BF17D5 /* Debug */,
				C0CB83EF22BF12BF00BF17D5 /* Release */,
			);
			defaultConfigurationIsVisible = 0;
			defaultConfigurationName = Release;
		};
		C0CB83F022BF12BF00BF17D5 /* Build configuration list for PBXNativeTarget "ZYF_LingyiModuleB" */ = {
			isa = XCConfigurationList;
			buildConfigurations = (
				C0CB83F122BF12BF00BF17D5 /* Debug */,
				C0CB83F222BF12BF00BF17D5 /* Release */,
			);
			defaultConfigurationIsVisible = 0;
			defaultConfigurationName = Release;
		};
		C0CB83F322BF12BF00BF17D5 /* Build configuration list for PBXNativeTarget "ZYF_LingyiModuleBTests" */ = {
			isa = XCConfigurationList;
			buildConfigurations = (
				C0CB83F422BF12BF00BF17D5 /* Debug */,
				C0CB83F522BF12BF00BF17D5 /* Release */,
			);
			defaultConfigurationIsVisible = 0;
			defaultConfigurationName = Release;
		};
		C0CB83F622BF12BF00BF17D5 /* Build configuration list for PBXNativeTarget "ZYF_LingyiModuleBUITests" */ = {
			isa = XCConfigurationList;
			buildConfigurations = (
				C0CB83F722BF12BF00BF17D5 /* Debug */,
				C0CB83F822BF12BF00BF17D5 /* Release */,
			);
			defaultConfigurationIsVisible = 0;
			defaultConfigurationName = Release;
		};
/* End XCConfigurationList section */
	};
	rootObject = C0CB83BC22BF12BE00BF17D5 /* Project object */;
}
